
Microsoft Visual Studio Solution File, Format Version 12.00
# Visual Studio Version 17
VisualStudioVersion = 17.0.31919.166
MinimumVisualStudioVersion = 10.0.40219.1
Project("{FAE04EC0-301F-11D3-BF4B-00C04F79EFBC}") = "LR4", "LR4\LR4.csproj", "{07042D6F-992C-4277-BC8E-E8E65566DC0E}"
EndProject
Global
	GlobalSection(SolutionConfigurationPlatforms) = preSolution
		Debug|Any CPU = Debug|Any CPU
		Release|Any CPU = Release|Any CPU
	EndGlobalSection
	GlobalSection(ProjectConfigurationPlatforms) = postSolution
		{07042D6F-992C-4277-BC8E-E8E65566DC0E}.Debug|Any CPU.ActiveCfg = Debug|Any CPU
		{07042D6F-992C-4277-BC8E-E8E65566DC0E}.Debug|Any CPU.Build.0 = Debug|Any CPU
		{07042D6F-992C-4277-BC8E-E8E65566DC0E}.Release|Any CPU.ActiveCfg = Release|Any CPU
		{07042D6F-992C-4277-BC8E-E8E65566DC0E}.Release|Any CPU.Build.0 = Release|Any CPU
	EndGlobalSection
	GlobalSection(SolutionProperties) = preSolution
		HideSolutionNode = FALSE
	EndGlobalSection
	GlobalSection(ExtensibilityGlobals) = postSolution
		SolutionGuid = {8E38963B-0013-427F-9FAE-0938C3FFAA32}
	EndGlobalSection
EndGlobal
